
Microsoft Visual Studio Solution File, Format Version 12.00
# Visual Studio 15
VisualStudioVersion = 15.0.28307.1082
MinimumVisualStudioVersion = 10.0.40219.1
Project("{FAE04EC0-301F-11D3-BF4B-00C04F79EFBC}") = "Individual", "Individual\Individual.csproj", "{BF7FD806-2F40-4933-A31A-2577679DB7A8}"
EndProject
Global
	GlobalSection(SolutionConfigurationPlatforms) = preSolution
		Debug|Any CPU = Debug|Any CPU
		Debug|x86 = Debug|x86
		Release|Any CPU = Release|Any CPU
		Release|x86 = Release|x86
	EndGlobalSection
	GlobalSection(ProjectConfigurationPlatforms) = postSolution
		{BF7FD806-2F40-4933-A31A-2577679DB7A8}.Debug|Any CPU.ActiveCfg = Debug|Any CPU
		{BF7FD806-2F40-4933-A31A-2577679DB7A8}.Debug|Any CPU.Build.0 = Debug|Any CPU
		{BF7FD806-2F40-4933-A31A-2577679DB7A8}.Debug|x86.ActiveCfg = Debug|x86
		{BF7FD806-2F40-4933-A31A-2577679DB7A8}.Debug|x86.Build.0 = Debug|x86
		{BF7FD806-2F40-4933-A31A-2577679DB7A8}.Release|Any CPU.ActiveCfg = Release|Any CPU
		{BF7FD806-2F40-4933-A31A-2577679DB7A8}.Release|Any CPU.Build.0 = Release|Any CPU
		{BF7FD806-2F40-4933-A31A-2577679DB7A8}.Release|x86.ActiveCfg = Release|x86
		{BF7FD806-2F40-4933-A31A-2577679DB7A8}.Release|x86.Build.0 = Release|x86
	EndGlobalSection
	GlobalSection(SolutionProperties) = preSolution
		HideSolutionNode = FALSE
	EndGlobalSection
	GlobalSection(ExtensibilityGlobals) = postSolution
		SolutionGuid = {DE086057-EDBF-4746-BF1B-A142C634BBB6}
	EndGlobalSection
EndGlobal
